
Microsoft Visual Studio Solution File, Format Version 12.00
Project("{FAE04EC0-301F-11D3-BF4B-00C04F79EFBC}") = "IdentityService.Application", "Identity\IdentityService.Application\IdentityService.Application.csproj", "{2D3946AD-F009-4FBE-B281-64D8B0303105}"
EndProject
Project("{FAE04EC0-301F-11D3-BF4B-00C04F79EFBC}") = "IdentityService.API", "Identity\IdentityService.API\IdentityService.API.csproj", "{AD93C65D-55F1-484E-BC8D-978CCAC5FEA6}"
EndProject
Project("{FAE04EC0-301F-11D3-BF4B-00C04F79EFBC}") = "IdentityService.Infrastructure", "Identity\IdentityService.Infrastructure\IdentityService.Infrastructure.csproj", "{9204FC52-76F5-4E60-9EBD-3CD519EFC232}"
EndProject
Project("{FAE04EC0-301F-11D3-BF4B-00C04F79EFBC}") = "IdentityService.Domain", "Identity\IdentityService.Domain\IdentityService.Domain.csproj", "{B746200C-46D8-47EB-85FB-3FC3B4FFFBC2}"
EndProject
Project("{FAE04EC0-301F-11D3-BF4B-00C04F79EFBC}") = "CatalogService.Domain", "Catalog\CatalogService.Domain\CatalogService.Domain.csproj", "{B647FDB1-17CA-4CB0-B2FD-978602C3F4BF}"
EndProject
Project("{FAE04EC0-301F-11D3-BF4B-00C04F79EFBC}") = "CatalogService.Infrastructure", "Catalog\CatalogService.Infrastructure\CatalogService.Infrastructure.csproj", "{4BDAB02A-06EB-4BCB-8BB7-D3D854C2D7C6}"
EndProject
Project("{FAE04EC0-301F-11D3-BF4B-00C04F79EFBC}") = "CatalogService.Application", "Catalog\CatalogService.Application\CatalogService.Application.csproj", "{870E4221-978D-4D11-836F-0005EA524840}"
EndProject
Project("{FAE04EC0-301F-11D3-BF4B-00C04F79EFBC}") = "CatalogService.API", "Catalog\CatalogService.API\CatalogService.API.csproj", "{854F2C11-A7B0-4A06-9130-7B8A3512551D}"
EndProject
Global
	GlobalSection(SolutionConfigurationPlatforms) = preSolution
		Debug|Any CPU = Debug|Any CPU
		Release|Any CPU = Release|Any CPU
	EndGlobalSection
	GlobalSection(ProjectConfigurationPlatforms) = postSolution
		{2D3946AD-F009-4FBE-B281-64D8B0303105}.Debug|Any CPU.ActiveCfg = Debug|Any CPU
		{2D3946AD-F009-4FBE-B281-64D8B0303105}.Debug|Any CPU.Build.0 = Debug|Any CPU
		{2D3946AD-F009-4FBE-B281-64D8B0303105}.Release|Any CPU.ActiveCfg = Release|Any CPU
		{2D3946AD-F009-4FBE-B281-64D8B0303105}.Release|Any CPU.Build.0 = Release|Any CPU
		{AD93C65D-55F1-484E-BC8D-978CCAC5FEA6}.Debug|Any CPU.ActiveCfg = Debug|Any CPU
		{AD93C65D-55F1-484E-BC8D-978CCAC5FEA6}.Debug|Any CPU.Build.0 = Debug|Any CPU
		{AD93C65D-55F1-484E-BC8D-978CCAC5FEA6}.Release|Any CPU.ActiveCfg = Release|Any CPU
		{AD93C65D-55F1-484E-BC8D-978CCAC5FEA6}.Release|Any CPU.Build.0 = Release|Any CPU
		{9204FC52-76F5-4E60-9EBD-3CD519EFC232}.Debug|Any CPU.ActiveCfg = Debug|Any CPU
		{9204FC52-76F5-4E60-9EBD-3CD519EFC232}.Debug|Any CPU.Build.0 = Debug|Any CPU
		{9204FC52-76F5-4E60-9EBD-3CD519EFC232}.Release|Any CPU.ActiveCfg = Release|Any CPU
		{9204FC52-76F5-4E60-9EBD-3CD519EFC232}.Release|Any CPU.Build.0 = Release|Any CPU
		{B746200C-46D8-47EB-85FB-3FC3B4FFFBC2}.Debug|Any CPU.ActiveCfg = Debug|Any CPU
		{B746200C-46D8-47EB-85FB-3FC3B4FFFBC2}.Debug|Any CPU.Build.0 = Debug|Any CPU
		{B746200C-46D8-47EB-85FB-3FC3B4FFFBC2}.Release|Any CPU.ActiveCfg = Release|Any CPU
		{B746200C-46D8-47EB-85FB-3FC3B4FFFBC2}.Release|Any CPU.Build.0 = Release|Any CPU
		{B647FDB1-17CA-4CB0-B2FD-978602C3F4BF}.Debug|Any CPU.ActiveCfg = Debug|Any CPU
		{B647FDB1-17CA-4CB0-B2FD-978602C3F4BF}.Debug|Any CPU.Build.0 = Debug|Any CPU
		{B647FDB1-17CA-4CB0-B2FD-978602C3F4BF}.Release|Any CPU.ActiveCfg = Release|Any CPU
		{B647FDB1-17CA-4CB0-B2FD-978602C3F4BF}.Release|Any CPU.Build.0 = Release|Any CPU
		{4BDAB02A-06EB-4BCB-8BB7-D3D854C2D7C6}.Debug|Any CPU.ActiveCfg = Debug|Any CPU
		{4BDAB02A-06EB-4BCB-8BB7-D3D854C2D7C6}.Debug|Any CPU.Build.0 = Debug|Any CPU
		{4BDAB02A-06EB-4BCB-8BB7-D3D854C2D7C6}.Release|Any CPU.ActiveCfg = Release|Any CPU
		{4BDAB02A-06EB-4BCB-8BB7-D3D854C2D7C6}.Release|Any CPU.Build.0 = Release|Any CPU
		{870E4221-978D-4D11-836F-0005EA524840}.Debug|Any CPU.ActiveCfg = Debug|Any CPU
		{870E4221-978D-4D11-836F-0005EA524840}.Debug|Any CPU.Build.0 = Debug|Any CPU
		{870E4221-978D-4D11-836F-0005EA524840}.Release|Any CPU.ActiveCfg = Release|Any CPU
		{870E4221-978D-4D11-836F-0005EA524840}.Release|Any CPU.Build.0 = Release|Any CPU
		{854F2C11-A7B0-4A06-9130-7B8A3512551D}.Debug|Any CPU.ActiveCfg = Debug|Any CPU
		{854F2C11-A7B0-4A06-9130-7B8A3512551D}.Debug|Any CPU.Build.0 = Debug|Any CPU
		{854F2C11-A7B0-4A06-9130-7B8A3512551D}.Release|Any CPU.ActiveCfg = Release|Any CPU
		{854F2C11-A7B0-4A06-9130-7B8A3512551D}.Release|Any CPU.Build.0 = Release|Any CPU
	EndGlobalSection
EndGlobal
